
Microsoft Visual Studio Solution File, Format Version 12.00
# Visual Studio Version 17
VisualStudioVersion = 17.12.35527.113 d17.12
MinimumVisualStudioVersion = 10.0.40219.1
Project("{FAE04EC0-301F-11D3-BF4B-00C04F79EFBC}") = "WpfStudy", "WpfStudy\WpfStudy.csproj", "{0F6BA1C1-7AC8-4A7D-B04C-401B992EF45D}"
EndProject
Project("{FAE04EC0-301F-11D3-BF4B-00C04F79EFBC}") = "WpfStudy.Support", "WpfStudy.Support\WpfStudy.Support.csproj", "{4BC90560-8EAB-4B89-ACE5-D9B01F17775F}"
EndProject
Project("{FAE04EC0-301F-11D3-BF4B-00C04F79EFBC}") = "WpfStudy.Main", "WpfStudy.Main\WpfStudy.Main.csproj", "{C2BE7025-4E61-444B-AFAF-2E59AF7D7B0B}"
EndProject
Global
	GlobalSection(SolutionConfigurationPlatforms) = preSolution
		Debug|Any CPU = Debug|Any CPU
		Release|Any CPU = Release|Any CPU
	EndGlobalSection
	GlobalSection(ProjectConfigurationPlatforms) = postSolution
		{0F6BA1C1-7AC8-4A7D-B04C-401B992EF45D}.Debug|Any CPU.ActiveCfg = Debug|Any CPU
		{0F6BA1C1-7AC8-4A7D-B04C-401B992EF45D}.Debug|Any CPU.Build.0 = Debug|Any CPU
		{0F6BA1C1-7AC8-4A7D-B04C-401B992EF45D}.Release|Any CPU.ActiveCfg = Release|Any CPU
		{0F6BA1C1-7AC8-4A7D-B04C-401B992EF45D}.Release|Any CPU.Build.0 = Release|Any CPU
		{4BC90560-8EAB-4B89-ACE5-D9B01F17775F}.Debug|Any CPU.ActiveCfg = Debug|Any CPU
		{4BC90560-8EAB-4B89-ACE5-D9B01F17775F}.Debug|Any CPU.Build.0 = Debug|Any CPU
		{4BC90560-8EAB-4B89-ACE5-D9B01F17775F}.Release|Any CPU.ActiveCfg = Release|Any CPU
		{4BC90560-8EAB-4B89-ACE5-D9B01F17775F}.Release|Any CPU.Build.0 = Release|Any CPU
		{C2BE7025-4E61-444B-AFAF-2E59AF7D7B0B}.Debug|Any CPU.ActiveCfg = Debug|Any CPU
		{C2BE7025-4E61-444B-AFAF-2E59AF7D7B0B}.Debug|Any CPU.Build.0 = Debug|Any CPU
		{C2BE7025-4E61-444B-AFAF-2E59AF7D7B0B}.Release|Any CPU.ActiveCfg = Release|Any CPU
		{C2BE7025-4E61-444B-AFAF-2E59AF7D7B0B}.Release|Any CPU.Build.0 = Release|Any CPU
	EndGlobalSection
	GlobalSection(SolutionProperties) = preSolution
		HideSolutionNode = FALSE
	EndGlobalSection
EndGlobal
